<?xml version="1.0" encoding="utf-8"?>
<Project ToolsVersion="4.0" xmlns="http://schemas.microsoft.com/developer/msbuild/2003">
  <ItemGroup>
    <Filter Include="Source Files">
      <UniqueIdentifier>{4FC737F1-C7A5-4376-A066-2A32D752A2FF}</UniqueIdentifier>
      <Extensions>cpp;c;cc;cxx;def;odl;idl;hpj;bat;asm;asmx</Extensions>
    </Filter>
    <Filter Include="Header Files">
      <UniqueIdentifier>{93995380-89BD-4b04-88EB-625FBE52EBFB}</UniqueIdentifier>
      <Extensions>h;hpp;hxx;hm;inl;inc;xsd</Extensions>
    </Filter>
    <Filter Include="Resource Files">
      <UniqueIdentifier>{67DA6AB6-F800-4c08-8B7A-83BB121AAD01}</UniqueIdentifier>
      <Extensions>rc;ico;cur;bmp;dlg;rc2;rct;bin;rgs;gif;jpg;jpeg;jpe;resx;tiff;tif;png;wav;mfcribbon-ms</Extensions>
    </Filter>
    <Filter Include="Header Files\Util">
      <UniqueIdentifier>{6adf6316-a905-447c-b6e1-63d54424b029}</UniqueIdentifier>
    </Filter>
    <Filter Include="Source Files\Util">
      <UniqueIdentifier>{8abf68e9-1536-412f-977e-77453d7ce332}</UniqueIdentifier>
    </Filter>
    <Filter Include="Source Files\GameStates">
      <UniqueIdentifier>{41227906-0eec-49e8-9de3-d439de923fd5}</UniqueIdentifier>
    </Filter>
    <Filter Include="Header Files\Input">
      <UniqueIdentifier>{fd344d32-e5d1-4f69-a63c-a06deb310ecc}</UniqueIdentifier>
    </Filter>
    <Filter Include="Source Files\PhysicsEngine">
      <UniqueIdentifier>{01ca3b72-b696-4c32-8e8c-393ef77223a5}</UniqueIdentifier>
    </Filter>
    <Filter Include="Header Files\GameStates">
      <UniqueIdentifier>{903b8aa7-5c6d-40d7-bffc-85a8b9d49898}</UniqueIdentifier>
    </Filter>
    <Filter Include="Header Files\RenderingEngine">
      <UniqueIdentifier>{92743ce2-0604-4358-bf9c-daf132358751}</UniqueIdentifier>
    </Filter>
    <Filter Include="Source Files\RenderingEngine">
      <UniqueIdentifier>{9b374871-c715-4a74-b464-623aded29154}</UniqueIdentifier>
    </Filter>
    <Filter Include="Header Files\Entity">
      <UniqueIdentifier>{e3ac21f7-c816-4c50-bc15-21621e2fc06d}</UniqueIdentifier>
    </Filter>
    <Filter Include="Source Files\Entity">
      <UniqueIdentifier>{a3582aa2-f59e-4c94-9992-439e7d449509}</UniqueIdentifier>
    </Filter>
    <Filter Include="Header Files\ModelLoader">
      <UniqueIdentifier>{6106e55f-355c-4478-830a-56a157299ab8}</UniqueIdentifier>
    </Filter>
    <Filter Include="Source Files\ModelLoader">
      <UniqueIdentifier>{efa21aac-2e65-4383-b114-83cc0bbfd6a0}</UniqueIdentifier>
    </Filter>
    <Filter Include="Header Files\PhysicsEngine">
      <UniqueIdentifier>{881419f6-5690-4019-ba80-06f50a44ccf5}</UniqueIdentifier>
    </Filter>
    <Filter Include="Source Files\Input">
      <UniqueIdentifier>{02248efd-d4bf-4c85-a909-1f8af361fe4b}</UniqueIdentifier>
    </Filter>
  </ItemGroup>
  <ItemGroup>
    <ClCompile Include="mPULSE.cpp">
      <Filter>Source Files</Filter>
    </ClCompile>
    <ClCompile Include="Input\XboxController.cpp">
      <Filter>Source Files\Input</Filter>
    </ClCompile>
    <ClCompile Include="GameStates\Game.cpp">
      <Filter>Source Files\GameStates</Filter>
    </ClCompile>
    <ClCompile Include="GameStates\GameState.cpp">
      <Filter>Source Files\GameStates</Filter>
    </ClCompile>
    <ClCompile Include="GameStates\InitState.cpp">
      <Filter>Source Files\GameStates</Filter>
    </ClCompile>
    <ClCompile Include="GameStates\PlayState.cpp">
      <Filter>Source Files\GameStates</Filter>
    </ClCompile>
    <ClCompile Include="Util\Clock.cpp">
      <Filter>Source Files\Util</Filter>
    </ClCompile>
    <ClCompile Include="PhysicsEngine\PhysicsEngine.cpp">
      <Filter>Source Files\PhysicsEngine</Filter>
    </ClCompile>
    <ClCompile Include="Entities\Entity.cpp">
      <Filter>Source Files\Entity</Filter>
    </ClCompile>
    <ClCompile Include="RenderingEngine\RenderingEngine.cpp">
      <Filter>Source Files\RenderingEngine</Filter>
    </ClCompile>
    <ClCompile Include="PhysicsEngine\Physics.cpp">
      <Filter>Source Files\PhysicsEngine</Filter>
    </ClCompile>
    <ClCompile Include="ModelLoader\ModelManager.cpp">
      <Filter>Source Files\ModelLoader</Filter>
    </ClCompile>
    <ClCompile Include="ModelLoader\ObjModel.cpp">
      <Filter>Source Files\ModelLoader</Filter>
    </ClCompile>
    <ClCompile Include="RenderingEngine\Shader.cpp">
      <Filter>Source Files\RenderingEngine</Filter>
    </ClCompile>
    <ClCompile Include="GameStates\Console.cpp">
      <Filter>Source Files\GameStates</Filter>
    </ClCompile>
    <ClCompile Include="Entities\EntityComponent.cpp">
      <Filter>Source Files\Entity</Filter>
    </ClCompile>
    <ClCompile Include="GameStates\Camera.cpp">
      <Filter>Source Files\GameStates</Filter>
    </ClCompile>
    <ClCompile Include="PhysicsEngine\Stream.cpp">
      <Filter>Source Files\PhysicsEngine</Filter>
    </ClCompile>
  </ItemGroup>
  <ItemGroup>
    <ClInclude Include="Input\XboxController.h">
      <Filter>Header Files\Input</Filter>
    </ClInclude>
    <ClInclude Include="GameStates\Game.h">
      <Filter>Header Files\GameStates</Filter>
    </ClInclude>
    <ClInclude Include="GameStates\GameState.h">
      <Filter>Header Files\GameStates</Filter>
    </ClInclude>
    <ClInclude Include="GameStates\InitState.h">
      <Filter>Header Files\GameStates</Filter>
    </ClInclude>
    <ClInclude Include="GameStates\PlayState.h">
      <Filter>Header Files\GameStates</Filter>
    </ClInclude>
    <ClInclude Include="Util\Clock.h">
      <Filter>Header Files\Util</Filter>
    </ClInclude>
    <ClInclude Include="PhysicsEngine\PhysicsEngine.h">
      <Filter>Header Files\PhysicsEngine</Filter>
    </ClInclude>
    <ClInclude Include="Entities\Entity.h">
      <Filter>Header Files\Entity</Filter>
    </ClInclude>
    <ClInclude Include="RenderingEngine\RenderingEngine.h">
      <Filter>Header Files\RenderingEngine</Filter>
    </ClInclude>
    <ClInclude Include="PhysicsEngine\Physics.h">
      <Filter>Header Files\PhysicsEngine</Filter>
    </ClInclude>
    <ClInclude Include="ModelLoader\ModelManager.h">
      <Filter>Header Files\ModelLoader</Filter>
    </ClInclude>
    <ClInclude Include="ModelLoader\ObjModel.h">
      <Filter>Header Files\ModelLoader</Filter>
    </ClInclude>
    <ClInclude Include="RenderingEngine\Shader.h">
      <Filter>Header Files\RenderingEngine</Filter>
    </ClInclude>
    <ClInclude Include="RenderingEngine\BMP.h">
      <Filter>Header Files\RenderingEngine</Filter>
    </ClInclude>
    <ClInclude Include="GameStates\Console.h">
      <Filter>Header Files\GameStates</Filter>
    </ClInclude>
    <ClInclude Include="Entities\EntityComponent.h">
      <Filter>Header Files\Entity</Filter>
    </ClInclude>
    <ClInclude Include="GameStates\Camera.h">
      <Filter>Header Files\GameStates</Filter>
    </ClInclude>
    <ClInclude Include="PhysicsEngine\stream.h">
      <Filter>Header Files\PhysicsEngine</Filter>
    </ClInclude>
  </ItemGroup>
  <ItemGroup>
    <None Include="ModelLoader\ModelList.txt" />
  </ItemGroup>
</Project>